
Microsoft Visual Studio Solution File, Format Version 12.00
# Visual Studio 15
VisualStudioVersion = 15.0.26228.4
MinimumVisualStudioVersion = 10.0.40219.1
Project("{D954291E-2A0B-460D-934E-DC6B0785DB48}") = "XamLoginFacebook", "XamLoginFacebook\XamLoginFacebook\XamLoginFacebook.shproj", "{6AA39790-45D4-4910-A592-731AE709FEC1}"
EndProject
Project("{FAE04EC0-301F-11D3-BF4B-00C04F79EFBC}") = "XamLoginFacebook.Android", "XamLoginFacebook\XamLoginFacebook.Android\XamLoginFacebook.Android.csproj", "{7E38AAD2-6280-40C4-B33B-C89B9D27763F}"
EndProject
Project("{FAE04EC0-301F-11D3-BF4B-00C04F79EFBC}") = "XamLoginFacebook.iOS", "XamLoginFacebook\XamLoginFacebook.iOS\XamLoginFacebook.iOS.csproj", "{087F4041-30D2-4189-88EF-E4A0C97DE104}"
EndProject
Project("{FAE04EC0-301F-11D3-BF4B-00C04F79EFBC}") = "XamLoginFacebook.UWP", "XamLoginFacebook\XamLoginFacebook.UWP\XamLoginFacebook.UWP.csproj", "{81C4A971-0530-46B4-884B-F10DE0D9040C}"
EndProject
Global
	GlobalSection(SharedMSBuildProjectFiles) = preSolution
		XamLoginFacebook\XamLoginFacebook\XamLoginFacebook.projitems*{087f4041-30d2-4189-88ef-e4a0c97de104}*SharedItemsImports = 4
		XamLoginFacebook\XamLoginFacebook\XamLoginFacebook.projitems*{6aa39790-45d4-4910-a592-731ae709fec1}*SharedItemsImports = 13
		XamLoginFacebook\XamLoginFacebook\XamLoginFacebook.projitems*{7e38aad2-6280-40c4-b33b-c89b9d27763f}*SharedItemsImports = 4
		XamLoginFacebook\XamLoginFacebook\XamLoginFacebook.projitems*{81c4a971-0530-46b4-884b-f10de0d9040c}*SharedItemsImports = 4
	EndGlobalSection
	GlobalSection(SolutionConfigurationPlatforms) = preSolution
		Ad-Hoc|Any CPU = Ad-Hoc|Any CPU
		Ad-Hoc|ARM = Ad-Hoc|ARM
		Ad-Hoc|iPhone = Ad-Hoc|iPhone
		Ad-Hoc|iPhoneSimulator = Ad-Hoc|iPhoneSimulator
		Ad-Hoc|x64 = Ad-Hoc|x64
		Ad-Hoc|x86 = Ad-Hoc|x86
		AppStore|Any CPU = AppStore|Any CPU
		AppStore|ARM = AppStore|ARM
		AppStore|iPhone = AppStore|iPhone
		AppStore|iPhoneSimulator = AppStore|iPhoneSimulator
		AppStore|x64 = AppStore|x64
		AppStore|x86 = AppStore|x86
		Debug|Any CPU = Debug|Any CPU
		Debug|ARM = Debug|ARM
		Debug|iPhone = Debug|iPhone
		Debug|iPhoneSimulator = Debug|iPhoneSimulator
		Debug|x64 = Debug|x64
		Debug|x86 = Debug|x86
		Release|Any CPU = Release|Any CPU
		Release|ARM = Release|ARM
		Release|iPhone = Release|iPhone
		Release|iPhoneSimulator = Release|iPhoneSimulator
		Release|x64 = Release|x64
		Release|x86 = Release|x86
	EndGlobalSection
	GlobalSection(ProjectConfigurationPlatforms) = postSolution
		{7E38AAD2-6280-40C4-B33B-C89B9D27763F}.Ad-Hoc|Any CPU.ActiveCfg = Release|Any CPU
		{7E38AAD2-6280-40C4-B33B-C89B9D27763F}.Ad-Hoc|Any CPU.Build.0 = Release|Any CPU
		{7E38AAD2-6280-40C4-B33B-C89B9D27763F}.Ad-Hoc|Any CPU.Deploy.0 = Release|Any CPU
		{7E38AAD2-6280-40C4-B33B-C89B9D27763F}.Ad-Hoc|ARM.ActiveCfg = Release|Any CPU
		{7E38AAD2-6280-40C4-B33B-C89B9D27763F}.Ad-Hoc|ARM.Build.0 = Release|Any CPU
		{7E38AAD2-6280-40C4-B33B-C89B9D27763F}.Ad-Hoc|ARM.Deploy.0 = Release|Any CPU
		{7E38AAD2-6280-40C4-B33B-C89B9D27763F}.Ad-Hoc|iPhone.ActiveCfg = Release|Any CPU
		{7E38AAD2-6280-40C4-B33B-C89B9D27763F}.Ad-Hoc|iPhone.Build.0 = Release|Any CPU
		{7E38AAD2-6280-40C4-B33B-C89B9D27763F}.Ad-Hoc|iPhone.Deploy.0 = Release|Any CPU
		{7E38AAD2-6280-40C4-B33B-C89B9D27763F}.Ad-Hoc|iPhoneSimulator.ActiveCfg = Release|Any CPU
		{7E38AAD2-6280-40C4-B33B-C89B9D27763F}.Ad-Hoc|iPhoneSimulator.Build.0 = Release|Any CPU
		{7E38AAD2-6280-40C4-B33B-C89B9D27763F}.Ad-Hoc|iPhoneSimulator.Deploy.0 = Release|Any CPU
		{7E38AAD2-6280-40C4-B33B-C89B9D27763F}.Ad-Hoc|x64.ActiveCfg = Release|Any CPU
		{7E38AAD2-6280-40C4-B33B-C89B9D27763F}.Ad-Hoc|x64.Build.0 = Release|Any CPU
		{7E38AAD2-6280-40C4-B33B-C89B9D27763F}.Ad-Hoc|x64.Deploy.0 = Release|Any CPU
		{7E38AAD2-6280-40C4-B33B-C89B9D27763F}.Ad-Hoc|x86.ActiveCfg = Release|Any CPU
		{7E38AAD2-6280-40C4-B33B-C89B9D27763F}.Ad-Hoc|x86.Build.0 = Release|Any CPU
		{7E38AAD2-6280-40C4-B33B-C89B9D27763F}.Ad-Hoc|x86.Deploy.0 = Release|Any CPU
		{7E38AAD2-6280-40C4-B33B-C89B9D27763F}.AppStore|Any CPU.ActiveCfg = Release|Any CPU
		{7E38AAD2-6280-40C4-B33B-C89B9D27763F}.AppStore|Any CPU.Build.0 = Release|Any CPU
		{7E38AAD2-6280-40C4-B33B-C89B9D27763F}.AppStore|Any CPU.Deploy.0 = Release|Any CPU
		{7E38AAD2-6280-40C4-B33B-C89B9D27763F}.AppStore|ARM.ActiveCfg = Release|Any CPU
		{7E38AAD2-6280-40C4-B33B-C89B9D27763F}.AppStore|ARM.Build.0 = Release|Any CPU
		{7E38AAD2-6280-40C4-B33B-C89B9D27763F}.AppStore|ARM.Deploy.0 = Release|Any CPU
		{7E38AAD2-6280-40C4-B33B-C89B9D27763F}.AppStore|iPhone.ActiveCfg = Release|Any CPU
		{7E38AAD2-6280-40C4-B33B-C89B9D27763F}.AppStore|iPhone.Build.0 = Release|Any CPU
		{7E38AAD2-6280-40C4-B33B-C89B9D27763F}.AppStore|iPhone.Deploy.0 = Release|Any CPU
		{7E38AAD2-6280-40C4-B33B-C89B9D27763F}.AppStore|iPhoneSimulator.ActiveCfg = Release|Any CPU
		{7E38AAD2-6280-40C4-B33B-C89B9D27763F}.AppStore|iPhoneSimulator.Build.0 = Release|Any CPU
		{7E38AAD2-6280-40C4-B33B-C89B9D27763F}.AppStore|iPhoneSimulator.Deploy.0 = Release|Any CPU
		{7E38AAD2-6280-40C4-B33B-C89B9D27763F}.AppStore|x64.ActiveCfg = Release|Any CPU
		{7E38AAD2-6280-40C4-B33B-C89B9D27763F}.AppStore|x64.Build.0 = Release|Any CPU
		{7E38AAD2-6280-40C4-B33B-C89B9D27763F}.AppStore|x64.Deploy.0 = Release|Any CPU
		{7E38AAD2-6280-40C4-B33B-C89B9D27763F}.AppStore|x86.ActiveCfg = Release|Any CPU
		{7E38AAD2-6280-40C4-B33B-C89B9D27763F}.AppStore|x86.Build.0 = Release|Any CPU
		{7E38AAD2-6280-40C4-B33B-C89B9D27763F}.AppStore|x86.Deploy.0 = Release|Any CPU
		{7E38AAD2-6280-40C4-B33B-C89B9D27763F}.Debug|Any CPU.ActiveCfg = Debug|Any CPU
		{7E38AAD2-6280-40C4-B33B-C89B9D27763F}.Debug|Any CPU.Build.0 = Debug|Any CPU
		{7E38AAD2-6280-40C4-B33B-C89B9D27763F}.Debug|Any CPU.Deploy.0 = Debug|Any CPU
		{7E38AAD2-6280-40C4-B33B-C89B9D27763F}.Debug|ARM.ActiveCfg = Debug|Any CPU
		{7E38AAD2-6280-40C4-B33B-C89B9D27763F}.Debug|ARM.Build.0 = Debug|Any CPU
		{7E38AAD2-6280-40C4-B33B-C89B9D27763F}.Debug|ARM.Deploy.0 = Debug|Any CPU
		{7E38AAD2-6280-40C4-B33B-C89B9D27763F}.Debug|iPhone.ActiveCfg = Debug|Any CPU
		{7E38AAD2-6280-40C4-B33B-C89B9D27763F}.Debug|iPhone.Build.0 = Debug|Any CPU
		{7E38AAD2-6280-40C4-B33B-C89B9D27763F}.Debug|iPhone.Deploy.0 = Debug|Any CPU
		{7E38AAD2-6280-40C4-B33B-C89B9D27763F}.Debug|iPhoneSimulator.ActiveCfg = Debug|Any CPU
		{7E38AAD2-6280-40C4-B33B-C89B9D27763F}.Debug|iPhoneSimulator.Build.0 = Debug|Any CPU
		{7E38AAD2-6280-40C4-B33B-C89B9D27763F}.Debug|iPhoneSimulator.Deploy.0 = Debug|Any CPU
		{7E38AAD2-6280-40C4-B33B-C89B9D27763F}.Debug|x64.ActiveCfg = Debug|Any CPU
		{7E38AAD2-6280-40C4-B33B-C89B9D27763F}.Debug|x64.Build.0 = Debug|Any CPU
		{7E38AAD2-6280-40C4-B33B-C89B9D27763F}.Debug|x64.Deploy.0 = Debug|Any CPU
		{7E38AAD2-6280-40C4-B33B-C89B9D27763F}.Debug|x86.ActiveCfg = Debug|Any CPU
		{7E38AAD2-6280-40C4-B33B-C89B9D27763F}.Debug|x86.Build.0 = Debug|Any CPU
		{7E38AAD2-6280-40C4-B33B-C89B9D27763F}.Debug|x86.Deploy.0 = Debug|Any CPU
		{7E38AAD2-6280-40C4-B33B-C89B9D27763F}.Release|Any CPU.ActiveCfg = Release|Any CPU
		{7E38AAD2-6280-40C4-B33B-C89B9D27763F}.Release|Any CPU.Build.0 = Release|Any CPU
		{7E38AAD2-6280-40C4-B33B-C89B9D27763F}.Release|Any CPU.Deploy.0 = Release|Any CPU
		{7E38AAD2-6280-40C4-B33B-C89B9D27763F}.Release|ARM.ActiveCfg = Release|Any CPU
		{7E38AAD2-6280-40C4-B33B-C89B9D27763F}.Release|ARM.Build.0 = Release|Any CPU
		{7E38AAD2-6280-40C4-B33B-C89B9D27763F}.Release|ARM.Deploy.0 = Release|Any CPU
		{7E38AAD2-6280-40C4-B33B-C89B9D27763F}.Release|iPhone.ActiveCfg = Release|Any CPU
		{7E38AAD2-6280-40C4-B33B-C89B9D27763F}.Release|iPhone.Build.0 = Release|Any CPU
		{7E38AAD2-6280-40C4-B33B-C89B9D27763F}.Release|iPhone.Deploy.0 = Release|Any CPU
		{7E38AAD2-6280-40C4-B33B-C89B9D27763F}.Release|iPhoneSimulator.ActiveCfg = Release|Any CPU
		{7E38AAD2-6280-40C4-B33B-C89B9D27763F}.Release|iPhoneSimulator.Build.0 = Release|Any CPU
		{7E38AAD2-6280-40C4-B33B-C89B9D27763F}.Release|iPhoneSimulator.Deploy.0 = Release|Any CPU
		{7E38AAD2-6280-40C4-B33B-C89B9D27763F}.Release|x64.ActiveCfg = Release|Any CPU
		{7E38AAD2-6280-40C4-B33B-C89B9D27763F}.Release|x64.Build.0 = Release|Any CPU
		{7E38AAD2-6280-40C4-B33B-C89B9D27763F}.Release|x64.Deploy.0 = Release|Any CPU
		{7E38AAD2-6280-40C4-B33B-C89B9D27763F}.Release|x86.ActiveCfg = Release|Any CPU
		{7E38AAD2-6280-40C4-B33B-C89B9D27763F}.Release|x86.Build.0 = Release|Any CPU
		{7E38AAD2-6280-40C4-B33B-C89B9D27763F}.Release|x86.Deploy.0 = Release|Any CPU
		{087F4041-30D2-4189-88EF-E4A0C97DE104}.Ad-Hoc|Any CPU.ActiveCfg = Ad-Hoc|iPhone
		{087F4041-30D2-4189-88EF-E4A0C97DE104}.Ad-Hoc|ARM.ActiveCfg = Ad-Hoc|iPhone
		{087F4041-30D2-4189-88EF-E4A0C97DE104}.Ad-Hoc|iPhone.ActiveCfg = Ad-Hoc|iPhone
		{087F4041-30D2-4189-88EF-E4A0C97DE104}.Ad-Hoc|iPhone.Build.0 = Ad-Hoc|iPhone
		{087F4041-30D2-4189-88EF-E4A0C97DE104}.Ad-Hoc|iPhoneSimulator.ActiveCfg = Ad-Hoc|iPhoneSimulator
		{087F4041-30D2-4189-88EF-E4A0C97DE104}.Ad-Hoc|iPhoneSimulator.Build.0 = Ad-Hoc|iPhoneSimulator
		{087F4041-30D2-4189-88EF-E4A0C97DE104}.Ad-Hoc|x64.ActiveCfg = Ad-Hoc|iPhone
		{087F4041-30D2-4189-88EF-E4A0C97DE104}.Ad-Hoc|x86.ActiveCfg = Ad-Hoc|iPhone
		{087F4041-30D2-4189-88EF-E4A0C97DE104}.AppStore|Any CPU.ActiveCfg = AppStore|iPhone
		{087F4041-30D2-4189-88EF-E4A0C97DE104}.AppStore|ARM.ActiveCfg = AppStore|iPhone
		{087F4041-30D2-4189-88EF-E4A0C97DE104}.AppStore|iPhone.ActiveCfg = AppStore|iPhone
		{087F4041-30D2-4189-88EF-E4A0C97DE104}.AppStore|iPhone.Build.0 = AppStore|iPhone
		{087F4041-30D2-4189-88EF-E4A0C97DE104}.AppStore|iPhoneSimulator.ActiveCfg = AppStore|iPhoneSimulator
		{087F4041-30D2-4189-88EF-E4A0C97DE104}.AppStore|iPhoneSimulator.Build.0 = AppStore|iPhoneSimulator
		{087F4041-30D2-4189-88EF-E4A0C97DE104}.AppStore|x64.ActiveCfg = AppStore|iPhone
		{087F4041-30D2-4189-88EF-E4A0C97DE104}.AppStore|x86.ActiveCfg = AppStore|iPhone
		{087F4041-30D2-4189-88EF-E4A0C97DE104}.Debug|Any CPU.ActiveCfg = Debug|iPhone
		{087F4041-30D2-4189-88EF-E4A0C97DE104}.Debug|ARM.ActiveCfg = Debug|iPhone
		{087F4041-30D2-4189-88EF-E4A0C97DE104}.Debug|iPhone.ActiveCfg = Debug|iPhone
		{087F4041-30D2-4189-88EF-E4A0C97DE104}.Debug|iPhone.Build.0 = Debug|iPhone
		{087F4041-30D2-4189-88EF-E4A0C97DE104}.Debug|iPhoneSimulator.ActiveCfg = Debug|iPhoneSimulator
		{087F4041-30D2-4189-88EF-E4A0C97DE104}.Debug|iPhoneSimulator.Build.0 = Debug|iPhoneSimulator
		{087F4041-30D2-4189-88EF-E4A0C97DE104}.Debug|x64.ActiveCfg = Debug|iPhone
		{087F4041-30D2-4189-88EF-E4A0C97DE104}.Debug|x86.ActiveCfg = Debug|iPhone
		{087F4041-30D2-4189-88EF-E4A0C97DE104}.Release|Any CPU.ActiveCfg = Release|iPhone
		{087F4041-30D2-4189-88EF-E4A0C97DE104}.Release|ARM.ActiveCfg = Release|iPhone
		{087F4041-30D2-4189-88EF-E4A0C97DE104}.Release|iPhone.ActiveCfg = Release|iPhone
		{087F4041-30D2-4189-88EF-E4A0C97DE104}.Release|iPhone.Build.0 = Release|iPhone
		{087F4041-30D2-4189-88EF-E4A0C97DE104}.Release|iPhoneSimulator.ActiveCfg = Release|iPhoneSimulator
		{087F4041-30D2-4189-88EF-E4A0C97DE104}.Release|iPhoneSimulator.Build.0 = Release|iPhoneSimulator
		{087F4041-30D2-4189-88EF-E4A0C97DE104}.Release|x64.ActiveCfg = Release|iPhone
		{087F4041-30D2-4189-88EF-E4A0C97DE104}.Release|x86.ActiveCfg = Release|iPhone
		{81C4A971-0530-46B4-884B-F10DE0D9040C}.Ad-Hoc|Any CPU.ActiveCfg = Release|x86
		{81C4A971-0530-46B4-884B-F10DE0D9040C}.Ad-Hoc|Any CPU.Build.0 = Release|x86
		{81C4A971-0530-46B4-884B-F10DE0D9040C}.Ad-Hoc|Any CPU.Deploy.0 = Release|x86
		{81C4A971-0530-46B4-884B-F10DE0D9040C}.Ad-Hoc|ARM.ActiveCfg = Release|ARM
		{81C4A971-0530-46B4-884B-F10DE0D9040C}.Ad-Hoc|ARM.Build.0 = Release|ARM
		{81C4A971-0530-46B4-884B-F10DE0D9040C}.Ad-Hoc|ARM.Deploy.0 = Release|ARM
		{81C4A971-0530-46B4-884B-F10DE0D9040C}.Ad-Hoc|iPhone.ActiveCfg = Release|x86
		{81C4A971-0530-46B4-884B-F10DE0D9040C}.Ad-Hoc|iPhone.Build.0 = Release|x86
		{81C4A971-0530-46B4-884B-F10DE0D9040C}.Ad-Hoc|iPhone.Deploy.0 = Release|x86
		{81C4A971-0530-46B4-884B-F10DE0D9040C}.Ad-Hoc|iPhoneSimulator.ActiveCfg = Release|x86
		{81C4A971-0530-46B4-884B-F10DE0D9040C}.Ad-Hoc|iPhoneSimulator.Build.0 = Release|x86
		{81C4A971-0530-46B4-884B-F10DE0D9040C}.Ad-Hoc|iPhoneSimulator.Deploy.0 = Release|x86
		{81C4A971-0530-46B4-884B-F10DE0D9040C}.Ad-Hoc|x64.ActiveCfg = Release|x64
		{81C4A971-0530-46B4-884B-F10DE0D9040C}.Ad-Hoc|x64.Build.0 = Release|x64
		{81C4A971-0530-46B4-884B-F10DE0D9040C}.Ad-Hoc|x64.Deploy.0 = Release|x64
		{81C4A971-0530-46B4-884B-F10DE0D9040C}.Ad-Hoc|x86.ActiveCfg = Release|x86
		{81C4A971-0530-46B4-884B-F10DE0D9040C}.Ad-Hoc|x86.Build.0 = Release|x86
		{81C4A971-0530-46B4-884B-F10DE0D9040C}.Ad-Hoc|x86.Deploy.0 = Release|x86
		{81C4A971-0530-46B4-884B-F10DE0D9040C}.AppStore|Any CPU.ActiveCfg = Release|x86
		{81C4A971-0530-46B4-884B-F10DE0D9040C}.AppStore|Any CPU.Build.0 = Release|x86
		{81C4A971-0530-46B4-884B-F10DE0D9040C}.AppStore|Any CPU.Deploy.0 = Release|x86
		{81C4A971-0530-46B4-884B-F10DE0D9040C}.AppStore|ARM.ActiveCfg = Release|ARM
		{81C4A971-0530-46B4-884B-F10DE0D9040C}.AppStore|ARM.Build.0 = Release|ARM
		{81C4A971-0530-46B4-884B-F10DE0D9040C}.AppStore|ARM.Deploy.0 = Release|ARM
		{81C4A971-0530-46B4-884B-F10DE0D9040C}.AppStore|iPhone.ActiveCfg = Release|x86
		{81C4A971-0530-46B4-884B-F10DE0D9040C}.AppStore|iPhone.Build.0 = Release|x86
		{81C4A971-0530-46B4-884B-F10DE0D9040C}.AppStore|iPhone.Deploy.0 = Release|x86
		{81C4A971-0530-46B4-884B-F10DE0D9040C}.AppStore|iPhoneSimulator.ActiveCfg = Release|x86
		{81C4A971-0530-46B4-884B-F10DE0D9040C}.AppStore|iPhoneSimulator.Build.0 = Release|x86
		{81C4A971-0530-46B4-884B-F10DE0D9040C}.AppStore|iPhoneSimulator.Deploy.0 = Release|x86
		{81C4A971-0530-46B4-884B-F10DE0D9040C}.AppStore|x64.ActiveCfg = Release|x64
		{81C4A971-0530-46B4-884B-F10DE0D9040C}.AppStore|x64.Build.0 = Release|x64
		{81C4A971-0530-46B4-884B-F10DE0D9040C}.AppStore|x64.Deploy.0 = Release|x64
		{81C4A971-0530-46B4-884B-F10DE0D9040C}.AppStore|x86.ActiveCfg = Release|x86
		{81C4A971-0530-46B4-884B-F10DE0D9040C}.AppStore|x86.Build.0 = Release|x86
		{81C4A971-0530-46B4-884B-F10DE0D9040C}.AppStore|x86.Deploy.0 = Release|x86
		{81C4A971-0530-46B4-884B-F10DE0D9040C}.Debug|Any CPU.ActiveCfg = Debug|x86
		{81C4A971-0530-46B4-884B-F10DE0D9040C}.Debug|ARM.ActiveCfg = Debug|ARM
		{81C4A971-0530-46B4-884B-F10DE0D9040C}.Debug|ARM.Build.0 = Debug|ARM
		{81C4A971-0530-46B4-884B-F10DE0D9040C}.Debug|ARM.Deploy.0 = Debug|ARM
		{81C4A971-0530-46B4-884B-F10DE0D9040C}.Debug|iPhone.ActiveCfg = Debug|x86
		{81C4A971-0530-46B4-884B-F10DE0D9040C}.Debug|iPhoneSimulator.ActiveCfg = Debug|x86
		{81C4A971-0530-46B4-884B-F10DE0D9040C}.Debug|x64.ActiveCfg = Debug|x64
		{81C4A971-0530-46B4-884B-F10DE0D9040C}.Debug|x64.Build.0 = Debug|x64
		{81C4A971-0530-46B4-884B-F10DE0D9040C}.Debug|x64.Deploy.0 = Debug|x64
		{81C4A971-0530-46B4-884B-F10DE0D9040C}.Debug|x86.ActiveCfg = Debug|x86
		{81C4A971-0530-46B4-884B-F10DE0D9040C}.Debug|x86.Build.0 = Debug|x86
		{81C4A971-0530-46B4-884B-F10DE0D9040C}.Debug|x86.Deploy.0 = Debug|x86
		{81C4A971-0530-46B4-884B-F10DE0D9040C}.Release|Any CPU.ActiveCfg = Release|x86
		{81C4A971-0530-46B4-884B-F10DE0D9040C}.Release|ARM.ActiveCfg = Release|ARM
		{81C4A971-0530-46B4-884B-F10DE0D9040C}.Release|ARM.Build.0 = Release|ARM
		{81C4A971-0530-46B4-884B-F10DE0D9040C}.Release|ARM.Deploy.0 = Release|ARM
		{81C4A971-0530-46B4-884B-F10DE0D9040C}.Release|iPhone.ActiveCfg = Release|x86
		{81C4A971-0530-46B4-884B-F10DE0D9040C}.Release|iPhoneSimulator.ActiveCfg = Release|x86
		{81C4A971-0530-46B4-884B-F10DE0D9040C}.Release|x64.ActiveCfg = Release|x64
		{81C4A971-0530-46B4-884B-F10DE0D9040C}.Release|x64.Build.0 = Release|x64
		{81C4A971-0530-46B4-884B-F10DE0D9040C}.Release|x64.Deploy.0 = Release|x64
		{81C4A971-0530-46B4-884B-F10DE0D9040C}.Release|x86.ActiveCfg = Release|x86
		{81C4A971-0530-46B4-884B-F10DE0D9040C}.Release|x86.Build.0 = Release|x86
		{81C4A971-0530-46B4-884B-F10DE0D9040C}.Release|x86.Deploy.0 = Release|x86
	EndGlobalSection
	GlobalSection(SolutionProperties) = preSolution
		HideSolutionNode = FALSE
	EndGlobalSection
EndGlobal
